
Microsoft Visual Studio Solution File, Format Version 12.00
# Visual Studio Version 16
VisualStudioVersion = 16.0.30413.136
MinimumVisualStudioVersion = 10.0.40219.1
Project("{FAE04EC0-301F-11D3-BF4B-00C04F79EFBC}") = "MAJAUTOASAP", "MAJAUTOASAP.csproj", "{E7930945-8F62-4C89-A026-B7D9BBCFD6A2}"
EndProject
Global
	GlobalSection(SolutionConfigurationPlatforms) = preSolution
		Debug|x86 = Debug|x86
		Release|x86 = Release|x86
	EndGlobalSection
	GlobalSection(ProjectConfigurationPlatforms) = postSolution
		{E7930945-8F62-4C89-A026-B7D9BBCFD6A2}.Debug|x86.ActiveCfg = Debug|x86
		{E7930945-8F62-4C89-A026-B7D9BBCFD6A2}.Debug|x86.Build.0 = Debug|x86
		{E7930945-8F62-4C89-A026-B7D9BBCFD6A2}.Release|x86.ActiveCfg = Release|x86
		{E7930945-8F62-4C89-A026-B7D9BBCFD6A2}.Release|x86.Build.0 = Release|x86
	EndGlobalSection
	GlobalSection(SolutionProperties) = preSolution
		HideSolutionNode = FALSE
	EndGlobalSection
	GlobalSection(ExtensibilityGlobals) = postSolution
		SolutionGuid = {396DD17B-402B-4FF0-8BB8-0A83AE854E5F}
	EndGlobalSection
EndGlobal
